// !$*UTF8*$!
{
	archiveVersion = 1;
	classes = {
	};
	objectVersion = 46;
	objects = {

/* Begin PBXBuildFile section */
		B124F184158CEB60009B111D /* twistUser.cpp in Sources */ = {isa = PBXBuildFile; fileRef = B124F183158CEB60009B111D /* twistUser.cpp */; };
		B14B33CD15888CF000AB4F88 /* main.cpp in Sources */ = {isa = PBXBuildFile; fileRef = B14B33CC15888CF000AB4F88 /* main.cpp */; };
		B14B33CF15888CF000AB4F88 /* twitClient.1 in CopyFiles */ = {isa = PBXBuildFile; fileRef = B14B33CE15888CF000AB4F88 /* twitClient.1 */; };
		B14B33D715888D0900AB4F88 /* twitClient.cpp in Sources */ = {isa = PBXBuildFile; fileRef = B14B33D615888D0900AB4F88 /* twitClient.cpp */; };
/* End PBXBuildFile section */

/* Begin PBXCopyFilesBuildPhase section */
		B14B33C615888CF000AB4F88 /* CopyFiles */ = {
			isa = PBXCopyFilesBuildPhase;
			buildActionMask = 2147483647;
			dstPath = /usr/share/man/man1/;
			dstSubfolderSpec = 0;
			files = (
				B14B33CF15888CF000AB4F88 /* twitClient.1 in CopyFiles */,
			);
			runOnlyForDeploymentPostprocessing = 1;
		};
/* End PBXCopyFilesBuildPhase section */

/* Begin PBXFileReference section */
		B124F182158CEB53009B111D /* twitUser.h */ = {isa = PBXFileReference; lastKnownFileType = sourcecode.c.h; path = twitUser.h; sourceTree = "<group>"; };
		B124F183158CEB60009B111D /* twistUser.cpp */ = {isa = PBXFileReference; fileEncoding = 4; lastKnownFileType = sourcecode.cpp.cpp; path = twistUser.cpp; sourceTree = "<group>"; };
		B14B33C815888CF000AB4F88 /* twitClient */ = {isa = PBXFileReference; explicitFileType = "compiled.mach-o.executable"; includeInIndex = 0; path = twitClient; sourceTree = BUILT_PRODUCTS_DIR; };
		B14B33CC15888CF000AB4F88 /* main.cpp */ = {isa = PBXFileReference; lastKnownFileType = sourcecode.cpp.cpp; path = main.cpp; sourceTree = "<group>"; };
		B14B33CE15888CF000AB4F88 /* twitClient.1 */ = {isa = PBXFileReference; lastKnownFileType = text.man; path = twitClient.1; sourceTree = "<group>"; };
		B14B33D515888CFC00AB4F88 /* twitClient.h */ = {isa = PBXFileReference; lastKnownFileType = sourcecode.c.h; path = twitClient.h; sourceTree = "<group>"; };
		B14B33D615888D0900AB4F88 /* twitClient.cpp */ = {isa = PBXFileReference; fileEncoding = 4; lastKnownFileType = sourcecode.cpp.cpp; path = twitClient.cpp; sourceTree = "<group>"; };
/* End PBXFileReference section */

/* Begin PBXFrameworksBuildPhase section */
		B14B33C515888CF000AB4F88 /* Frameworks */ = {
			isa = PBXFrameworksBuildPhase;
			buildActionMask = 2147483647;
			files = (
			);
			runOnlyForDeploymentPostprocessing = 0;
		};
/* End PBXFrameworksBuildPhase section */

/* Begin PBXGroup section */
		B14B33BD15888CF000AB4F88 = {
			isa = PBXGroup;
			children = (
				B124F182158CEB53009B111D /* twitUser.h */,
				B124F183158CEB60009B111D /* twistUser.cpp */,
				B14B33D615888D0900AB4F88 /* twitClient.cpp */,
				B14B33D515888CFC00AB4F88 /* twitClient.h */,
				B14B33CB15888CF000AB4F88 /* twitClient */,
				B14B33C915888CF000AB4F88 /* Products */,
			);
			sourceTree = "<group>";
		};
		B14B33C915888CF000AB4F88 /* Products */ = {
			isa = PBXGroup;
			children = (
				B14B33C815888CF000AB4F88 /* twitClient */,
			);
			name = Products;
			sourceTree = "<group>";
		};
		B14B33CB15888CF000AB4F88 /* twitClient */ = {
			isa = PBXGroup;
			children = (
				B14B33CC15888CF000AB4F88 /* main.cpp */,
				B14B33CE15888CF000AB4F88 /* twitClient.1 */,
			);
			path = twitClient;
			sourceTree = "<group>";
		};
/* End PBXGroup section */

/* Begin PBXNativeTarget section */
		B14B33C715888CF000AB4F88 /* twitClient */ = {
			isa = PBXNativeTarget;
			buildConfigurationList = B14B33D215888CF000AB4F88 /* Build configuration list for PBXNativeTarget "twitClient" */;
			buildPhases = (
				B14B33C415888CF000AB4F88 /* Sources */,
				B14B33C515888CF000AB4F88 /* Frameworks */,
				B14B33C615888CF000AB4F88 /* CopyFiles */,
			);
			buildRules = (
			);
			dependencies = (
			);
			name = twitClient;
			productName = twitClient;
			productReference = B14B33C815888CF000AB4F88 /* twitClient */;
			productType = "com.apple.product-type.tool";
		};
/* End PBXNativeTarget section */

/* Begin PBXProject section */
		B14B33BF15888CF000AB4F88 /* Project object */ = {
			isa = PBXProject;
			attributes = {
				LastUpgradeCheck = 0430;
			};
			buildConfigurationList = B14B33C215888CF000AB4F88 /* Build configuration list for PBXProject "twitClient" */;
			compatibilityVersion = "Xcode 3.2";
			developmentRegion = English;
			hasScannedForEncodings = 0;
			knownRegions = (
				en,
			);
			mainGroup = B14B33BD15888CF000AB4F88;
			productRefGroup = B14B33C915888CF000AB4F88 /* Products */;
			projectDirPath = "";
			projectRoot = "";
			targets = (
				B14B33C715888CF000AB4F88 /* twitClient */,
			);
		};
/* End PBXProject section */

/* Begin PBXSourcesBuildPhase section */
		B14B33C415888CF000AB4F88 /* Sources */ = {
			isa = PBXSourcesBuildPhase;
			buildActionMask = 2147483647;
			files = (
				B14B33CD15888CF000AB4F88 /* main.cpp in Sources */,
				B14B33D715888D0900AB4F88 /* twitClient.cpp in Sources */,
				B124F184158CEB60009B111D /* twistUser.cpp in Sources */,
			);
			runOnlyForDeploymentPostprocessing = 0;
		};
/* End PBXSourcesBuildPhase section */

/* Begin XCBuildConfiguration section */
		B14B33D015888CF000AB4F88 /* Debug */ = {
			isa = XCBuildConfiguration;
			buildSettings = {
				ALWAYS_SEARCH_USER_PATHS = NO;
				ARCHS = "$(ARCHS_STANDARD_64_BIT)";
				CLANG_ENABLE_OBJC_ARC = YES;
				COPY_PHASE_STRIP = NO;
				GCC_C_LANGUAGE_STANDARD = gnu99;
				GCC_DYNAMIC_NO_PIC = NO;
				GCC_ENABLE_OBJC_EXCEPTIONS = YES;
				GCC_OPTIMIZATION_LEVEL = 0;
				GCC_PREPROCESSOR_DEFINITIONS = (
					"DEBUG=1",
					"$(inherited)",
				);
				GCC_SYMBOLS_PRIVATE_EXTERN = NO;
				GCC_VERSION = com.apple.compilers.llvm.clang.1_0;
				GCC_WARN_64_TO_32_BIT_CONVERSION = YES;
				GCC_WARN_ABOUT_RETURN_TYPE = YES;
				GCC_WARN_UNINITIALIZED_AUTOS = YES;
				GCC_WARN_UNUSED_VARIABLE = YES;
				MACOSX_DEPLOYMENT_TARGET = 10.7;
				ONLY_ACTIVE_ARCH = YES;
				SDKROOT = macosx;
			};
			name = Debug;
		};
		B14B33D115888CF000AB4F88 /* Release */ = {
			isa = XCBuildConfiguration;
			buildSettings = {
				ALWAYS_SEARCH_USER_PATHS = NO;
				ARCHS = "$(ARCHS_STANDARD_64_BIT)";
				CLANG_ENABLE_OBJC_ARC = YES;
				COPY_PHASE_STRIP = YES;
				DEBUG_INFORMATION_FORMAT = "dwarf-with-dsym";
				GCC_C_LANGUAGE_STANDARD = gnu99;
				GCC_ENABLE_OBJC_EXCEPTIONS = YES;
				GCC_VERSION = com.apple.compilers.llvm.clang.1_0;
				GCC_WARN_64_TO_32_BIT_CONVERSION = YES;
				GCC_WARN_ABOUT_RETURN_TYPE = YES;
				GCC_WARN_UNINITIALIZED_AUTOS = YES;
				GCC_WARN_UNUSED_VARIABLE = YES;
				MACOSX_DEPLOYMENT_TARGET = 10.7;
				SDKROOT = macosx;
			};
			name = Release;
		};
		B14B33D315888CF000AB4F88 /* Debug */ = {
			isa = XCBuildConfiguration;
			buildSettings = {
				PRODUCT_NAME = "$(TARGET_NAME)";
			};
			name = Debug;
		};
		B14B33D415888CF000AB4F88 /* Release */ = {
			isa = XCBuildConfiguration;
			buildSettings = {
				PRODUCT_NAME = "$(TARGET_NAME)";
			};
			name = Release;
		};
/* End XCBuildConfiguration section */

/* Begin XCConfigurationList section */
		B14B33C215888CF000AB4F88 /* Build configuration list for PBXProject "twitClient" */ = {
			isa = XCConfigurationList;
			buildConfigurations = (
				B14B33D015888CF000AB4F88 /* Debug */,
				B14B33D115888CF000AB4F88 /* Release */,
			);
			defaultConfigurationIsVisible = 0;
			defaultConfigurationName = Release;
		};
		B14B33D215888CF000AB4F88 /* Build configuration list for PBXNativeTarget "twitClient" */ = {
			isa = XCConfigurationList;
			buildConfigurations = (
				B14B33D315888CF000AB4F88 /* Debug */,
				B14B33D415888CF000AB4F88 /* Release */,
			);
			defaultConfigurationIsVisible = 0;
			defaultConfigurationName = Release;
		};
/* End XCConfigurationList section */
	};
	rootObject = B14B33BF15888CF000AB4F88 /* Project object */;
}
